
Microsoft Visual Studio Solution File, Format Version 12.00
# Visual Studio Version 17
VisualStudioVersion = 17.7.34031.279
MinimumVisualStudioVersion = 10.0.40219.1
Project("{FAE04EC0-301F-11D3-BF4B-00C04F79EFBC}") = "ContosoCarfts.Website", "ContosoCarfts.Website\ContosoCarfts.Website.csproj", "{FBF6BC6B-35AD-4AD2-BA91-FE0D39CFB1D2}"
EndProject
Global
	GlobalSection(SolutionConfigurationPlatforms) = preSolution
		Debug|Any CPU = Debug|Any CPU
		Release|Any CPU = Release|Any CPU
	EndGlobalSection
	GlobalSection(ProjectConfigurationPlatforms) = postSolution
		{FBF6BC6B-35AD-4AD2-BA91-FE0D39CFB1D2}.Debug|Any CPU.ActiveCfg = Debug|Any CPU
		{FBF6BC6B-35AD-4AD2-BA91-FE0D39CFB1D2}.Debug|Any CPU.Build.0 = Debug|Any CPU
		{FBF6BC6B-35AD-4AD2-BA91-FE0D39CFB1D2}.Release|Any CPU.ActiveCfg = Release|Any CPU
		{FBF6BC6B-35AD-4AD2-BA91-FE0D39CFB1D2}.Release|Any CPU.Build.0 = Release|Any CPU
	EndGlobalSection
	GlobalSection(SolutionProperties) = preSolution
		HideSolutionNode = FALSE
	EndGlobalSection
	GlobalSection(ExtensibilityGlobals) = postSolution
		SolutionGuid = {F1EA4584-78A8-48B3-9BF2-2859995B1977}
	EndGlobalSection
EndGlobal
